
Microsoft Visual Studio Solution File, Format Version 12.00
# Visual Studio 15
VisualStudioVersion = 15.0.27703.2047
MinimumVisualStudioVersion = 10.0.40219.1
Project("{FAE04EC0-301F-11D3-BF4B-00C04F79EFBC}") = "Lab21", "Lab21\Lab21.csproj", "{5FE3D1BA-AD9D-40B3-B38F-FF11CE02C6E1}"
EndProject
Global
	GlobalSection(SolutionConfigurationPlatforms) = preSolution
		Debug|Any CPU = Debug|Any CPU
		Release|Any CPU = Release|Any CPU
	EndGlobalSection
	GlobalSection(ProjectConfigurationPlatforms) = postSolution
		{5FE3D1BA-AD9D-40B3-B38F-FF11CE02C6E1}.Debug|Any CPU.ActiveCfg = Debug|Any CPU
		{5FE3D1BA-AD9D-40B3-B38F-FF11CE02C6E1}.Debug|Any CPU.Build.0 = Debug|Any CPU
		{5FE3D1BA-AD9D-40B3-B38F-FF11CE02C6E1}.Release|Any CPU.ActiveCfg = Release|Any CPU
		{5FE3D1BA-AD9D-40B3-B38F-FF11CE02C6E1}.Release|Any CPU.Build.0 = Release|Any CPU
	EndGlobalSection
	GlobalSection(SolutionProperties) = preSolution
		HideSolutionNode = FALSE
	EndGlobalSection
	GlobalSection(ExtensibilityGlobals) = postSolution
		SolutionGuid = {8C5DACDF-E642-4277-8EFC-6763791A6C72}
	EndGlobalSection
EndGlobal
